
Microsoft Visual Studio Solution File, Format Version 12.00
# Visual Studio Version 17
VisualStudioVersion = 17.3.32825.248
MinimumVisualStudioVersion = 10.0.40219.1
Project("{FAE04EC0-301F-11D3-BF4B-00C04F79EFBC}") = "DoorControl", "DoorControl\DoorControl.csproj", "{9F00ED94-9EDE-43D2-B6A0-AB4A6AE64B2A}"
EndProject
Project("{FAE04EC0-301F-11D3-BF4B-00C04F79EFBC}") = "DoorControl.Test.Unit", "DoorControl.Test.Unit\DoorControl.Test.Unit.csproj", "{8882E883-6274-4418-BF53-56318EDE670E}"
EndProject
Global
	GlobalSection(SolutionConfigurationPlatforms) = preSolution
		Debug|Any CPU = Debug|Any CPU
		Release|Any CPU = Release|Any CPU
	EndGlobalSection
	GlobalSection(ProjectConfigurationPlatforms) = postSolution
		{9F00ED94-9EDE-43D2-B6A0-AB4A6AE64B2A}.Debug|Any CPU.ActiveCfg = Debug|Any CPU
		{9F00ED94-9EDE-43D2-B6A0-AB4A6AE64B2A}.Debug|Any CPU.Build.0 = Debug|Any CPU
		{9F00ED94-9EDE-43D2-B6A0-AB4A6AE64B2A}.Release|Any CPU.ActiveCfg = Release|Any CPU
		{9F00ED94-9EDE-43D2-B6A0-AB4A6AE64B2A}.Release|Any CPU.Build.0 = Release|Any CPU
		{8882E883-6274-4418-BF53-56318EDE670E}.Debug|Any CPU.ActiveCfg = Debug|Any CPU
		{8882E883-6274-4418-BF53-56318EDE670E}.Debug|Any CPU.Build.0 = Debug|Any CPU
		{8882E883-6274-4418-BF53-56318EDE670E}.Release|Any CPU.ActiveCfg = Release|Any CPU
		{8882E883-6274-4418-BF53-56318EDE670E}.Release|Any CPU.Build.0 = Release|Any CPU
	EndGlobalSection
	GlobalSection(SolutionProperties) = preSolution
		HideSolutionNode = FALSE
	EndGlobalSection
	GlobalSection(ExtensibilityGlobals) = postSolution
		SolutionGuid = {A138BEF0-B2AB-4309-891C-517D113801BF}
	EndGlobalSection
EndGlobal
